// !$*UTF8*$!
{
	archiveVersion = 1;
	classes = {
	};
	objectVersion = 46;
	objects = {

/* Begin PBXBuildFile section */
		7CDB00273C4C57F277778E3A /* Assets.xcassets in Resources */ = {isa = PBXBuildFile; fileRef = 7CDB0E4B4B1752C3279AA84F /* Assets.xcassets */; };
		7CDB00974113EF76AEAFD4F4 /* SceneDelegate.swift in Sources */ = {isa = PBXBuildFile; fileRef = 7CDB036949366860597D5148 /* SceneDelegate.swift */; };
		7CDB03E053A6E145E54D7908 /* LaunchScreen.storyboard in Resources */ = {isa = PBXBuildFile; fileRef = 7CDB0D7A70CD875791A233DD /* LaunchScreen.storyboard */; };
		7CDB059680FCD40DD5B2A318 /* Day21pART2UITests.swift in Sources */ = {isa = PBXBuildFile; fileRef = 7CDB0C18CA4A3E6232A29F53 /* Day21pART2UITests.swift */; };
		7CDB09F73136140D3DFD8F15 /* ContentView.swift in Sources */ = {isa = PBXBuildFile; fileRef = 7CDB0F72927782CD6BC5BD1E /* ContentView.swift */; };
		7CDB0C8A4332879C523494B2 /* AppDelegate.swift in Sources */ = {isa = PBXBuildFile; fileRef = 7CDB0405266B98B289181075 /* AppDelegate.swift */; };
		7CDB0CDC7F212A5A1FCB3B18 /* Day21pART2Tests.swift in Sources */ = {isa = PBXBuildFile; fileRef = 7CDB09D30D83D3460949B8DC /* Day21pART2Tests.swift */; };
		7CDB0F5E7656D865871EEB8A /* Preview Assets.xcassets in Resources */ = {isa = PBXBuildFile; fileRef = 7CDB05CB77E541F286B1BB3D /* Preview Assets.xcassets */; };
/* End PBXBuildFile section */

/* Begin PBXContainerItemProxy section */
		7CDB088C0654E62FE505D1B2 /* PBXContainerItemProxy */ = {
			isa = PBXContainerItemProxy;
			containerPortal = 7CDB021F344745053034930A /* Project object */;
			proxyType = 1;
			remoteGlobalIDString = 7CDB084CB77895492145DBBD;
			remoteInfo = Day21pART2;
		};
		7CDB0E96E5B6D32E6666B0EE /* PBXContainerItemProxy */ = {
			isa = PBXContainerItemProxy;
			containerPortal = 7CDB021F344745053034930A /* Project object */;
			proxyType = 1;
			remoteGlobalIDString = 7CDB084CB77895492145DBBD;
			remoteInfo = Day21pART2;
		};
/* End PBXContainerItemProxy section */

/* Begin PBXFileReference section */
		7CDB036949366860597D5148 /* SceneDelegate.swift */ = {isa = PBXFileReference; lastKnownFileType = sourcecode.swift; path = SceneDelegate.swift; sourceTree = "<group>"; };
		7CDB0405266B98B289181075 /* AppDelegate.swift */ = {isa = PBXFileReference; lastKnownFileType = sourcecode.swift; path = AppDelegate.swift; sourceTree = "<group>"; };
		7CDB04E93761C6B6B6928FD7 /* Day21pART2UITests.xctest */ = {isa = PBXFileReference; explicitFileType = wrapper.cfbundle; includeInIndex = 0; path = Day21pART2UITests.xctest; sourceTree = BUILT_PRODUCTS_DIR; };
		7CDB0554D7A96EAA112A3482 /* Day21pART2.app */ = {isa = PBXFileReference; explicitFileType = wrapper.application; includeInIndex = 0; path = Day21pART2.app; sourceTree = BUILT_PRODUCTS_DIR; };
		7CDB05CB77E541F286B1BB3D /* Preview Assets.xcassets */ = {isa = PBXFileReference; lastKnownFileType = folder.assetcatalog; path = "Preview Assets.xcassets"; sourceTree = "<group>"; };
		7CDB076E539BE887E4011E52 /* Info.plist */ = {isa = PBXFileReference; lastKnownFileType = text.plist.info; path = Info.plist; sourceTree = "<group>"; };
		7CDB09D30D83D3460949B8DC /* Day21pART2Tests.swift */ = {isa = PBXFileReference; lastKnownFileType = sourcecode.swift; path = Day21pART2Tests.swift; sourceTree = "<group>"; };
		7CDB0BC4343DD7E1C0E8114F /* Info.plist */ = {isa = PBXFileReference; lastKnownFileType = text.plist.info; path = Info.plist; sourceTree = "<group>"; };
		7CDB0C18CA4A3E6232A29F53 /* Day21pART2UITests.swift */ = {isa = PBXFileReference; lastKnownFileType = sourcecode.swift; path = Day21pART2UITests.swift; sourceTree = "<group>"; };
		7CDB0E203233FB80C62B23E3 /* Day21pART2Tests.xctest */ = {isa = PBXFileReference; explicitFileType = wrapper.cfbundle; includeInIndex = 0; path = Day21pART2Tests.xctest; sourceTree = BUILT_PRODUCTS_DIR; };
		7CDB0E4B4B1752C3279AA84F /* Assets.xcassets */ = {isa = PBXFileReference; lastKnownFileType = folder.assetcatalog; path = Assets.xcassets; sourceTree = "<group>"; };
		7CDB0EB9D14C9E961B5216D4 /* Base */ = {isa = PBXFileReference; lastKnownFileType = file.storyboard; name = Base; path = Base.lproj/LaunchScreen.storyboard; sourceTree = "<group>"; };
		7CDB0EBB6A47DD5F47F09C5D /* Info.plist */ = {isa = PBXFileReference; lastKnownFileType = text.plist.info; path = Info.plist; sourceTree = "<group>"; };
		7CDB0F72927782CD6BC5BD1E /* ContentView.swift */ = {isa = PBXFileReference; lastKnownFileType = sourcecode.swift; path = ContentView.swift; sourceTree = "<group>"; };
/* End PBXFileReference section */

/* Begin PBXFrameworksBuildPhase section */
		7CDB0064B9DEF4846CD5A05D /* Frameworks */ = {
			isa = PBXFrameworksBuildPhase;
			buildActionMask = 2147483647;
			files = (
			);
			runOnlyForDeploymentPostprocessing = 0;
		};
		7CDB0937FB249BBC545752CE /* Frameworks */ = {
			isa = PBXFrameworksBuildPhase;
			buildActionMask = 2147483647;
			files = (
			);
			runOnlyForDeploymentPostprocessing = 0;
		};
		7CDB0C78091A2F836F929C43 /* Frameworks */ = {
			isa = PBXFrameworksBuildPhase;
			buildActionMask = 2147483647;
			files = (
			);
			runOnlyForDeploymentPostprocessing = 0;
		};
/* End PBXFrameworksBuildPhase section */

/* Begin PBXGroup section */
		7CDB01432ED747579E46DECC /* Preview Content */ = {
			isa = PBXGroup;
			children = (
				7CDB05CB77E541F286B1BB3D /* Preview Assets.xcassets */,
			);
			path = "Preview Content";
			sourceTree = "<group>";
		};
		7CDB02DC452B5B0AA38C4EE7 = {
			isa = PBXGroup;
			children = (
				7CDB05B18CD5B6A9306D9066 /* Products */,
				7CDB0913F61B752765EECE94 /* Day21pART2 */,
				7CDB0FB5A1D5078D843DA3D0 /* Day21pART2Tests */,
				7CDB0601C41CD1468D9DE48C /* Day21pART2UITests */,
			);
			sourceTree = "<group>";
		};
		7CDB05B18CD5B6A9306D9066 /* Products */ = {
			isa = PBXGroup;
			children = (
				7CDB0554D7A96EAA112A3482 /* Day21pART2.app */,
				7CDB0E203233FB80C62B23E3 /* Day21pART2Tests.xctest */,
				7CDB04E93761C6B6B6928FD7 /* Day21pART2UITests.xctest */,
			);
			name = Products;
			sourceTree = "<group>";
		};
		7CDB0601C41CD1468D9DE48C /* Day21pART2UITests */ = {
			isa = PBXGroup;
			children = (
				7CDB0EBB6A47DD5F47F09C5D /* Info.plist */,
				7CDB0C18CA4A3E6232A29F53 /* Day21pART2UITests.swift */,
			);
			path = Day21pART2UITests;
			sourceTree = "<group>";
		};
		7CDB0913F61B752765EECE94 /* Day21pART2 */ = {
			isa = PBXGroup;
			children = (
				7CDB0BC4343DD7E1C0E8114F /* Info.plist */,
				7CDB0E4B4B1752C3279AA84F /* Assets.xcassets */,
				7CDB0D7A70CD875791A233DD /* LaunchScreen.storyboard */,
				7CDB0405266B98B289181075 /* AppDelegate.swift */,
				7CDB036949366860597D5148 /* SceneDelegate.swift */,
				7CDB0F72927782CD6BC5BD1E /* ContentView.swift */,
				7CDB01432ED747579E46DECC /* Preview Content */,
			);
			path = Day21pART2;
			sourceTree = "<group>";
		};
		7CDB0FB5A1D5078D843DA3D0 /* Day21pART2Tests */ = {
			isa = PBXGroup;
			children = (
				7CDB076E539BE887E4011E52 /* Info.plist */,
				7CDB09D30D83D3460949B8DC /* Day21pART2Tests.swift */,
			);
			path = Day21pART2Tests;
			sourceTree = "<group>";
		};
/* End PBXGroup section */

/* Begin PBXNativeTarget section */
		7CDB083EA7CB93FA62776E6D /* Day21pART2Tests */ = {
			isa = PBXNativeTarget;
			buildConfigurationList = 7CDB0F156E03A36F8FF897A2 /* Build configuration list for PBXNativeTarget "Day21pART2Tests" */;
			buildPhases = (
				7CDB04456F97E122D3FFA944 /* Sources */,
				7CDB0C78091A2F836F929C43 /* Frameworks */,
				7CDB0867155071EB6403FE23 /* Resources */,
			);
			buildRules = (
			);
			dependencies = (
				7CDB0FFB5AB5A50B23DC7C98 /* PBXTargetDependency */,
			);
			name = Day21pART2Tests;
			productName = Day21pART2Tests;
			productReference = 7CDB0E203233FB80C62B23E3 /* Day21pART2Tests.xctest */;
			productType = "com.apple.product-type.bundle.unit-test";
		};
		7CDB084CB77895492145DBBD /* Day21pART2 */ = {
			isa = PBXNativeTarget;
			buildConfigurationList = 7CDB09642D355D915C482AA4 /* Build configuration list for PBXNativeTarget "Day21pART2" */;
			buildPhases = (
				7CDB03F38B9183810952054C /* Sources */,
				7CDB0937FB249BBC545752CE /* Frameworks */,
				7CDB0CDF33992042D2EFD682 /* Resources */,
			);
			buildRules = (
			);
			dependencies = (
			);
			name = Day21pART2;
			productName = Day21pART2;
			productReference = 7CDB0554D7A96EAA112A3482 /* Day21pART2.app */;
			productType = "com.apple.product-type.application";
		};
		7CDB0951BCAFA4C9B1BD3C35 /* Day21pART2UITests */ = {
			isa = PBXNativeTarget;
			buildConfigurationList = 7CDB01BDC46E71311EC4658C /* Build configuration list for PBXNativeTarget "Day21pART2UITests" */;
			buildPhases = (
				7CDB033913D49B55BA3AE615 /* Sources */,
				7CDB0064B9DEF4846CD5A05D /* Frameworks */,
				7CDB0EEA544AE7335A454D11 /* Resources */,
			);
			buildRules = (
			);
			dependencies = (
				7CDB0F4E4E6BA2C3DFDB772C /* PBXTargetDependency */,
			);
			name = Day21pART2UITests;
			productName = Day21pART2UITests;
			productReference = 7CDB04E93761C6B6B6928FD7 /* Day21pART2UITests.xctest */;
			productType = "com.apple.product-type.bundle.ui-testing";
		};
/* End PBXNativeTarget section */

/* Begin PBXProject section */
		7CDB021F344745053034930A /* Project object */ = {
			isa = PBXProject;
			attributes = {
				LastUpgradeCheck = 1140;
				ORGANIZATIONNAME = "___FULLUSERNAME___";
			};
			buildConfigurationList = 7CDB0EB5872E4CE50E8ACD01 /* Build configuration list for PBXProject "Day21pART2" */;
			compatibilityVersion = "Xcode 3.2";
			developmentRegion = en;
			hasScannedForEncodings = 0;
			knownRegions = (
				en,
				Base,
			);
			mainGroup = 7CDB02DC452B5B0AA38C4EE7;
			productRefGroup = 7CDB05B18CD5B6A9306D9066 /* Products */;
			projectDirPath = "";
			projectRoot = "";
			targets = (
				7CDB084CB77895492145DBBD /* Day21pART2 */,
				7CDB083EA7CB93FA62776E6D /* Day21pART2Tests */,
				7CDB0951BCAFA4C9B1BD3C35 /* Day21pART2UITests */,
			);
		};
/* End PBXProject section */

/* Begin PBXResourcesBuildPhase section */
		7CDB0867155071EB6403FE23 /* Resources */ = {
			isa = PBXResourcesBuildPhase;
			buildActionMask = 2147483647;
			files = (
			);
			runOnlyForDeploymentPostprocessing = 0;
		};
		7CDB0CDF33992042D2EFD682 /* Resources */ = {
			isa = PBXResourcesBuildPhase;
			buildActionMask = 2147483647;
			files = (
				7CDB00273C4C57F277778E3A /* Assets.xcassets in Resources */,
				7CDB03E053A6E145E54D7908 /* LaunchScreen.storyboard in Resources */,
				7CDB0F5E7656D865871EEB8A /* Preview Assets.xcassets in Resources */,
			);
			runOnlyForDeploymentPostprocessing = 0;
		};
		7CDB0EEA544AE7335A454D11 /* Resources */ = {
			isa = PBXResourcesBuildPhase;
			buildActionMask = 2147483647;
			files = (
			);
			runOnlyForDeploymentPostprocessing = 0;
		};
/* End PBXResourcesBuildPhase section */

/* Begin PBXSourcesBuildPhase section */
		7CDB033913D49B55BA3AE615 /* Sources */ = {
			isa = PBXSourcesBuildPhase;
			buildActionMask = 2147483647;
			files = (
				7CDB059680FCD40DD5B2A318 /* Day21pART2UITests.swift in Sources */,
			);
			runOnlyForDeploymentPostprocessing = 0;
		};
		7CDB03F38B9183810952054C /* Sources */ = {
			isa = PBXSourcesBuildPhase;
			buildActionMask = 2147483647;
			files = (
				7CDB0C8A4332879C523494B2 /* AppDelegate.swift in Sources */,
				7CDB00974113EF76AEAFD4F4 /* SceneDelegate.swift in Sources */,
				7CDB09F73136140D3DFD8F15 /* ContentView.swift in Sources */,
			);
			runOnlyForDeploymentPostprocessing = 0;
		};
		7CDB04456F97E122D3FFA944 /* Sources */ = {
			isa = PBXSourcesBuildPhase;
			buildActionMask = 2147483647;
			files = (
				7CDB0CDC7F212A5A1FCB3B18 /* Day21pART2Tests.swift in Sources */,
			);
			runOnlyForDeploymentPostprocessing = 0;
		};
/* End PBXSourcesBuildPhase section */

/* Begin PBXTargetDependency section */
		7CDB0F4E4E6BA2C3DFDB772C /* PBXTargetDependency */ = {
			isa = PBXTargetDependency;
			target = 7CDB084CB77895492145DBBD /* Day21pART2 */;
			targetProxy = 7CDB088C0654E62FE505D1B2 /* PBXContainerItemProxy */;
		};
		7CDB0FFB5AB5A50B23DC7C98 /* PBXTargetDependency */ = {
			isa = PBXTargetDependency;
			target = 7CDB084CB77895492145DBBD /* Day21pART2 */;
			targetProxy = 7CDB0E96E5B6D32E6666B0EE /* PBXContainerItemProxy */;
		};
/* End PBXTargetDependency section */

/* Begin PBXVariantGroup section */
		7CDB0D7A70CD875791A233DD /* LaunchScreen.storyboard */ = {
			isa = PBXVariantGroup;
			children = (
				7CDB0EB9D14C9E961B5216D4 /* Base */,
			);
			name = LaunchScreen.storyboard;
			sourceTree = "<group>";
		};
/* End PBXVariantGroup section */

/* Begin XCBuildConfiguration section */
		7CDB0011A4A5F8747A8293B5 /* Release */ = {
			isa = XCBuildConfiguration;
			buildSettings = {
				INFOPLIST_FILE = Day21pART2UITests/Info.plist;
				LD_RUNPATH_SEARCH_PATHS = "$(inherited) @executable_path/Frameworks @loader_path/Frameworks";
				PRODUCT_BUNDLE_IDENTIFIER = navczydev.Day21pART2UITests;
				PRODUCT_NAME = "$(TARGET_NAME)";
				SWIFT_VERSION = 5.0;
				TARGETED_DEVICE_FAMILY = "1,2";
				TEST_TARGET_NAME = Day21pART2;
			};
			name = Release;
		};
		7CDB003E44174129C3A23485 /* Debug */ = {
			isa = XCBuildConfiguration;
			buildSettings = {
				ASSETCATALOG_COMPILER_APPICON_NAME = AppIcon;
				DEVELOPMENT_ASSET_PATHS = "\"Day21pART2/Preview Content\"";
				ENABLE_PREVIEWS = YES;
				INFOPLIST_FILE = Day21pART2/Info.plist;
				LD_RUNPATH_SEARCH_PATHS = "$(inherited) @executable_path/Frameworks";
				PRODUCT_BUNDLE_IDENTIFIER = navczydev.Day21pART2;
				PRODUCT_NAME = "$(TARGET_NAME)";
				SWIFT_VERSION = 5.0;
				TARGETED_DEVICE_FAMILY = "1,2";
			};
			name = Debug;
		};
		7CDB0298F5763100F5DF383D /* Debug */ = {
			isa = XCBuildConfiguration;
			buildSettings = {
				ALWAYS_SEARCH_USER_PATHS = NO;
				CLANG_ANALYZER_LOCALIZABILITY_NONLOCALIZED = YES;
				CLANG_ANALYZER_NONNULL = YES;
				CLANG_ANALYZER_NUMBER_OBJECT_CONVERSION = YES_AGGRESSIVE;
				CLANG_CXX_LANGUAGE_STANDARD = "gnu++14";
				CLANG_CXX_LIBRARY = "libc++";
				CLANG_ENABLE_MODULES = YES;
				CLANG_ENABLE_OBJC_ARC = YES;
				CLANG_ENABLE_OBJC_WEAK = YES;
				CLANG_WARN_BLOCK_CAPTURE_AUTORELEASING = YES;
				CLANG_WARN_BOOL_CONVERSION = YES;
				CLANG_WARN_COMMA = YES;
				CLANG_WARN_CONSTANT_CONVERSION = YES;
				CLANG_WARN_DEPRECATED_OBJC_IMPLEMENTATIONS = YES;
				CLANG_WARN_DIRECT_OBJC_ISA_USAGE = YES_ERROR;
				CLANG_WARN_DOCUMENTATION_COMMENTS = YES;
				CLANG_WARN_EMPTY_BODY = YES;
				CLANG_WARN_ENUM_CONVERSION = YES;
				CLANG_WARN_INFINITE_RECURSION = YES;
				CLANG_WARN_INT_CONVERSION = YES;
				CLANG_WARN_NON_LITERAL_NULL_CONVERSION = YES;
				CLANG_WARN_OBJC_IMPLICIT_RETAIN_SELF = YES;
				CLANG_WARN_OBJC_LITERAL_CONVERSION = YES;
				CLANG_WARN_OBJC_ROOT_CLASS = YES_ERROR;
				CLANG_WARN_RANGE_LOOP_ANALYSIS = YES;
				CLANG_WARN_STRICT_PROTOTYPES = YES;
				CLANG_WARN_SUSPICIOUS_MOVE = YES;
				CLANG_WARN_UNGUARDED_AVAILABILITY = YES_AGGRESSIVE;
				CLANG_WARN_UNREACHABLE_CODE = YES;
				CLANG_WARN__DUPLICATE_METHOD_MATCH = YES;
				COPY_PHASE_STRIP = NO;
				DEBUG_INFORMATION_FORMAT = dwarf;
				ENABLE_STRICT_OBJC_MSGSEND = YES;
				ENABLE_TESTABILITY = YES;
				GCC_C_LANGUAGE_STANDARD = gnu11;
				GCC_DYNAMIC_NO_PIC = NO;
				GCC_NO_COMMON_BLOCKS = YES;
				GCC_OPTIMIZATION_LEVEL = 0;
				GCC_PREPROCESSOR_DEFINITIONS = (
					"DEBUG=1",
					"$(inherited)",
				);
				GCC_WARN_64_TO_32_BIT_CONVERSION = YES;
				GCC_WARN_ABOUT_RETURN_TYPE = YES_ERROR;
				GCC_WARN_UNDECLARED_SELECTOR = YES;
				GCC_WARN_UNINITIALIZED_AUTOS = YES_AGGRESSIVE;
				GCC_WARN_UNUSED_FUNCTION = YES;
				GCC_WARN_UNUSED_VARIABLE = YES;
				IPHONEOS_DEPLOYMENT_TARGET = 13.4;
				MTL_ENABLE_DEBUG_INFO = INCLUDE_SOURCE;
				MTL_FAST_MATH = YES;
				ONLY_ACTIVE_ARCH = YES;
				SDKROOT = iphoneos;
				SWIFT_ACTIVE_COMPILATION_CONDITIONS = DEBUG;
				SWIFT_OPTIMIZATION_LEVEL = "-Onone";
			};
			name = Debug;
		};
		7CDB04ED3394E97E0D171A1D /* Debug */ = {
			isa = XCBuildConfiguration;
			buildSettings = {
				INFOPLIST_FILE = Day21pART2UITests/Info.plist;
				LD_RUNPATH_SEARCH_PATHS = "$(inherited) @executable_path/Frameworks @loader_path/Frameworks";
				PRODUCT_BUNDLE_IDENTIFIER = navczydev.Day21pART2UITests;
				PRODUCT_NAME = "$(TARGET_NAME)";
				SWIFT_VERSION = 5.0;
				TARGETED_DEVICE_FAMILY = "1,2";
				TEST_TARGET_NAME = Day21pART2;
			};
			name = Debug;
		};
		7CDB08BFEB780B84AD6D29A6 /* Debug */ = {
			isa = XCBuildConfiguration;
			buildSettings = {
				BUNDLE_LOADER = "$(BUILT_PRODUCTS_DIR)/Day21pART2.app/Day21pART2";
				INFOPLIST_FILE = Day21pART2Tests/Info.plist;
				LD_RUNPATH_SEARCH_PATHS = "$(inherited) @executable_path/Frameworks @loader_path/Frameworks";
				PRODUCT_BUNDLE_IDENTIFIER = navczydev.Day21pART2Tests;
				PRODUCT_NAME = "$(TARGET_NAME)";
				SWIFT_VERSION = 5.0;
				TARGETED_DEVICE_FAMILY = "1,2";
				TEST_HOST = "$(BUNDLE_LOADER)";
			};
			name = Debug;
		};
		7CDB0A4760D9993BBB5177CA /* Release */ = {
			isa = XCBuildConfiguration;
			buildSettings = {
				ASSETCATALOG_COMPILER_APPICON_NAME = AppIcon;
				DEVELOPMENT_ASSET_PATHS = "\"Day21pART2/Preview Content\"";
				ENABLE_PREVIEWS = YES;
				INFOPLIST_FILE = Day21pART2/Info.plist;
				LD_RUNPATH_SEARCH_PATHS = "$(inherited) @executable_path/Frameworks";
				PRODUCT_BUNDLE_IDENTIFIER = navczydev.Day21pART2;
				PRODUCT_NAME = "$(TARGET_NAME)";
				SWIFT_VERSION = 5.0;
				TARGETED_DEVICE_FAMILY = "1,2";
			};
			name = Release;
		};
		7CDB0ABA5F9FF2B749015A95 /* Release */ = {
			isa = XCBuildConfiguration;
			buildSettings = {
				ALWAYS_SEARCH_USER_PATHS = NO;
				CLANG_ANALYZER_LOCALIZABILITY_NONLOCALIZED = YES;
				CLANG_ANALYZER_NONNULL = YES;
				CLANG_ANALYZER_NUMBER_OBJECT_CONVERSION = YES_AGGRESSIVE;
				CLANG_CXX_LANGUAGE_STANDARD = "gnu++14";
				CLANG_CXX_LIBRARY = "libc++";
				CLANG_ENABLE_MODULES = YES;
				CLANG_ENABLE_OBJC_ARC = YES;
				CLANG_ENABLE_OBJC_WEAK = YES;
				CLANG_WARN_BLOCK_CAPTURE_AUTORELEASING = YES;
				CLANG_WARN_BOOL_CONVERSION = YES;
				CLANG_WARN_COMMA = YES;
				CLANG_WARN_CONSTANT_CONVERSION = YES;
				CLANG_WARN_DEPRECATED_OBJC_IMPLEMENTATIONS = YES;
				CLANG_WARN_DIRECT_OBJC_ISA_USAGE = YES_ERROR;
				CLANG_WARN_DOCUMENTATION_COMMENTS = YES;
				CLANG_WARN_EMPTY_BODY = YES;
				CLANG_WARN_ENUM_CONVERSION = YES;
				CLANG_WARN_INFINITE_RECURSION = YES;
				CLANG_WARN_INT_CONVERSION = YES;
				CLANG_WARN_NON_LITERAL_NULL_CONVERSION = YES;
				CLANG_WARN_OBJC_IMPLICIT_RETAIN_SELF = YES;
				CLANG_WARN_OBJC_LITERAL_CONVERSION = YES;
				CLANG_WARN_OBJC_ROOT_CLASS = YES_ERROR;
				CLANG_WARN_RANGE_LOOP_ANALYSIS = YES;
				CLANG_WARN_STRICT_PROTOTYPES = YES;
				CLANG_WARN_SUSPICIOUS_MOVE = YES;
				CLANG_WARN_UNGUARDED_AVAILABILITY = YES_AGGRESSIVE;
				CLANG_WARN_UNREACHABLE_CODE = YES;
				CLANG_WARN__DUPLICATE_METHOD_MATCH = YES;
				COPY_PHASE_STRIP = NO;
				DEBUG_INFORMATION_FORMAT = "dwarf-with-dsym";
				ENABLE_NS_ASSERTIONS = NO;
				ENABLE_STRICT_OBJC_MSGSEND = YES;
				GCC_C_LANGUAGE_STANDARD = gnu11;
				GCC_NO_COMMON_BLOCKS = YES;
				GCC_WARN_64_TO_32_BIT_CONVERSION = YES;
				GCC_WARN_ABOUT_RETURN_TYPE = YES_ERROR;
				GCC_WARN_UNDECLARED_SELECTOR = YES;
				GCC_WARN_UNINITIALIZED_AUTOS = YES_AGGRESSIVE;
				GCC_WARN_UNUSED_FUNCTION = YES;
				GCC_WARN_UNUSED_VARIABLE = YES;
				IPHONEOS_DEPLOYMENT_TARGET = 13.4;
				MTL_ENABLE_DEBUG_INFO = NO;
				MTL_FAST_MATH = YES;
				SDKROOT = iphoneos;
				SWIFT_OPTIMIZATION_LEVEL = "-Owholemodule";
				VALIDATE_PRODUCT = YES;
			};
			name = Release;
		};
		7CDB0F8C5C8DDBE90387289C /* Release */ = {
			isa = XCBuildConfiguration;
			buildSettings = {
				BUNDLE_LOADER = "$(BUILT_PRODUCTS_DIR)/Day21pART2.app/Day21pART2";
				INFOPLIST_FILE = Day21pART2Tests/Info.plist;
				LD_RUNPATH_SEARCH_PATHS = "$(inherited) @executable_path/Frameworks @loader_path/Frameworks";
				PRODUCT_BUNDLE_IDENTIFIER = navczydev.Day21pART2Tests;
				PRODUCT_NAME = "$(TARGET_NAME)";
				SWIFT_VERSION = 5.0;
				TARGETED_DEVICE_FAMILY = "1,2";
				TEST_HOST = "$(BUNDLE_LOADER)";
			};
			name = Release;
		};
/* End XCBuildConfiguration section */

/* Begin XCConfigurationList section */
		7CDB01BDC46E71311EC4658C /* Build configuration list for PBXNativeTarget "Day21pART2UITests" */ = {
			isa = XCConfigurationList;
			buildConfigurations = (
				7CDB04ED3394E97E0D171A1D /* Debug */,
				7CDB0011A4A5F8747A8293B5 /* Release */,
			);
			defaultConfigurationIsVisible = 0;
			defaultConfigurationName = Release;
		};
		7CDB09642D355D915C482AA4 /* Build configuration list for PBXNativeTarget "Day21pART2" */ = {
			isa = XCConfigurationList;
			buildConfigurations = (
				7CDB003E44174129C3A23485 /* Debug */,
				7CDB0A4760D9993BBB5177CA /* Release */,
			);
			defaultConfigurationIsVisible = 0;
			defaultConfigurationName = Release;
		};
		7CDB0EB5872E4CE50E8ACD01 /* Build configuration list for PBXProject "Day21pART2" */ = {
			isa = XCConfigurationList;
			buildConfigurations = (
				7CDB0298F5763100F5DF383D /* Debug */,
				7CDB0ABA5F9FF2B749015A95 /* Release */,
			);
			defaultConfigurationIsVisible = 0;
			defaultConfigurationName = Release;
		};
		7CDB0F156E03A36F8FF897A2 /* Build configuration list for PBXNativeTarget "Day21pART2Tests" */ = {
			isa = XCConfigurationList;
			buildConfigurations = (
				7CDB08BFEB780B84AD6D29A6 /* Debug */,
				7CDB0F8C5C8DDBE90387289C /* Release */,
			);
			defaultConfigurationIsVisible = 0;
			defaultConfigurationName = Release;
		};
/* End XCConfigurationList section */
	};
	rootObject = 7CDB021F344745053034930A /* Project object */;
}
