// !$*UTF8*$!
{
	archiveVersion = 1;
	classes = {
	};
	objectVersion = 55;
	objects = {

/* Begin PBXBuildFile section */
		0E52429727E9809800F9B07F /* AppDelegate.swift in Sources */ = {isa = PBXBuildFile; fileRef = 0E52429627E9809800F9B07F /* AppDelegate.swift */; };
		0E52429927E9809800F9B07F /* SceneDelegate.swift in Sources */ = {isa = PBXBuildFile; fileRef = 0E52429827E9809800F9B07F /* SceneDelegate.swift */; };
		0E52429B27E9809800F9B07F /* ViewController.swift in Sources */ = {isa = PBXBuildFile; fileRef = 0E52429A27E9809800F9B07F /* ViewController.swift */; };
		0E52429E27E9809800F9B07F /* Main.storyboard in Resources */ = {isa = PBXBuildFile; fileRef = 0E52429C27E9809800F9B07F /* Main.storyboard */; };
		0E5242A027E9809900F9B07F /* Assets.xcassets in Resources */ = {isa = PBXBuildFile; fileRef = 0E52429F27E9809900F9B07F /* Assets.xcassets */; };
		0E5242A327E9809900F9B07F /* LaunchScreen.storyboard in Resources */ = {isa = PBXBuildFile; fileRef = 0E5242A127E9809900F9B07F /* LaunchScreen.storyboard */; };
		0E5242B127E983C200F9B07F /* section11_debug_testTests.swift in Sources */ = {isa = PBXBuildFile; fileRef = 0E5242B027E983C200F9B07F /* section11_debug_testTests.swift */; };
		0E5242BE27E983F400F9B07F /* section11_debug_testUITests.swift in Sources */ = {isa = PBXBuildFile; fileRef = 0E5242BD27E983F400F9B07F /* section11_debug_testUITests.swift */; };
		0E5242C027E983F400F9B07F /* section11_debug_testUITestsLaunchTests.swift in Sources */ = {isa = PBXBuildFile; fileRef = 0E5242BF27E983F400F9B07F /* section11_debug_testUITestsLaunchTests.swift */; };
/* End PBXBuildFile section */

/* Begin PBXContainerItemProxy section */
		0E5242B227E983C200F9B07F /* PBXContainerItemProxy */ = {
			isa = PBXContainerItemProxy;
			containerPortal = 0E52428B27E9809800F9B07F /* Project object */;
			proxyType = 1;
			remoteGlobalIDString = 0E52429227E9809800F9B07F;
			remoteInfo = "section11-debug-test";
		};
		0E5242C127E983F400F9B07F /* PBXContainerItemProxy */ = {
			isa = PBXContainerItemProxy;
			containerPortal = 0E52428B27E9809800F9B07F /* Project object */;
			proxyType = 1;
			remoteGlobalIDString = 0E52429227E9809800F9B07F;
			remoteInfo = "section11-debug-test";
		};
/* End PBXContainerItemProxy section */

/* Begin PBXFileReference section */
		0E52429327E9809800F9B07F /* section11-debug-test.app */ = {isa = PBXFileReference; explicitFileType = wrapper.application; includeInIndex = 0; path = "section11-debug-test.app"; sourceTree = BUILT_PRODUCTS_DIR; };
		0E52429627E9809800F9B07F /* AppDelegate.swift */ = {isa = PBXFileReference; lastKnownFileType = sourcecode.swift; path = AppDelegate.swift; sourceTree = "<group>"; };
		0E52429827E9809800F9B07F /* SceneDelegate.swift */ = {isa = PBXFileReference; lastKnownFileType = sourcecode.swift; path = SceneDelegate.swift; sourceTree = "<group>"; };
		0E52429A27E9809800F9B07F /* ViewController.swift */ = {isa = PBXFileReference; lastKnownFileType = sourcecode.swift; path = ViewController.swift; sourceTree = "<group>"; };
		0E52429D27E9809800F9B07F /* Base */ = {isa = PBXFileReference; lastKnownFileType = file.storyboard; name = Base; path = Base.lproj/Main.storyboard; sourceTree = "<group>"; };
		0E52429F27E9809900F9B07F /* Assets.xcassets */ = {isa = PBXFileReference; lastKnownFileType = folder.assetcatalog; path = Assets.xcassets; sourceTree = "<group>"; };
		0E5242A227E9809900F9B07F /* Base */ = {isa = PBXFileReference; lastKnownFileType = file.storyboard; name = Base; path = Base.lproj/LaunchScreen.storyboard; sourceTree = "<group>"; };
		0E5242A427E9809900F9B07F /* Info.plist */ = {isa = PBXFileReference; lastKnownFileType = text.plist.xml; path = Info.plist; sourceTree = "<group>"; };
		0E5242AE27E983C200F9B07F /* section11-debug-testTests.xctest */ = {isa = PBXFileReference; explicitFileType = wrapper.cfbundle; includeInIndex = 0; path = "section11-debug-testTests.xctest"; sourceTree = BUILT_PRODUCTS_DIR; };
		0E5242B027E983C200F9B07F /* section11_debug_testTests.swift */ = {isa = PBXFileReference; lastKnownFileType = sourcecode.swift; path = section11_debug_testTests.swift; sourceTree = "<group>"; };
		0E5242BB27E983F400F9B07F /* section11-debug-testUITests.xctest */ = {isa = PBXFileReference; explicitFileType = wrapper.cfbundle; includeInIndex = 0; path = "section11-debug-testUITests.xctest"; sourceTree = BUILT_PRODUCTS_DIR; };
		0E5242BD27E983F400F9B07F /* section11_debug_testUITests.swift */ = {isa = PBXFileReference; lastKnownFileType = sourcecode.swift; path = section11_debug_testUITests.swift; sourceTree = "<group>"; };
		0E5242BF27E983F400F9B07F /* section11_debug_testUITestsLaunchTests.swift */ = {isa = PBXFileReference; lastKnownFileType = sourcecode.swift; path = section11_debug_testUITestsLaunchTests.swift; sourceTree = "<group>"; };
/* End PBXFileReference section */

/* Begin PBXFrameworksBuildPhase section */
		0E52429027E9809800F9B07F /* Frameworks */ = {
			isa = PBXFrameworksBuildPhase;
			buildActionMask = 2147483647;
			files = (
			);
			runOnlyForDeploymentPostprocessing = 0;
		};
		0E5242AB27E983C200F9B07F /* Frameworks */ = {
			isa = PBXFrameworksBuildPhase;
			buildActionMask = 2147483647;
			files = (
			);
			runOnlyForDeploymentPostprocessing = 0;
		};
		0E5242B827E983F400F9B07F /* Frameworks */ = {
			isa = PBXFrameworksBuildPhase;
			buildActionMask = 2147483647;
			files = (
			);
			runOnlyForDeploymentPostprocessing = 0;
		};
/* End PBXFrameworksBuildPhase section */

/* Begin PBXGroup section */
		0E52428A27E9809800F9B07F = {
			isa = PBXGroup;
			children = (
				0E52429527E9809800F9B07F /* section11-debug-test */,
				0E5242AF27E983C200F9B07F /* section11-debug-testTests */,
				0E5242BC27E983F400F9B07F /* section11-debug-testUITests */,
				0E52429427E9809800F9B07F /* Products */,
			);
			sourceTree = "<group>";
		};
		0E52429427E9809800F9B07F /* Products */ = {
			isa = PBXGroup;
			children = (
				0E52429327E9809800F9B07F /* section11-debug-test.app */,
				0E5242AE27E983C200F9B07F /* section11-debug-testTests.xctest */,
				0E5242BB27E983F400F9B07F /* section11-debug-testUITests.xctest */,
			);
			name = Products;
			sourceTree = "<group>";
		};
		0E52429527E9809800F9B07F /* section11-debug-test */ = {
			isa = PBXGroup;
			children = (
				0E52429627E9809800F9B07F /* AppDelegate.swift */,
				0E52429827E9809800F9B07F /* SceneDelegate.swift */,
				0E52429A27E9809800F9B07F /* ViewController.swift */,
				0E52429C27E9809800F9B07F /* Main.storyboard */,
				0E52429F27E9809900F9B07F /* Assets.xcassets */,
				0E5242A127E9809900F9B07F /* LaunchScreen.storyboard */,
				0E5242A427E9809900F9B07F /* Info.plist */,
			);
			path = "section11-debug-test";
			sourceTree = "<group>";
		};
		0E5242AF27E983C200F9B07F /* section11-debug-testTests */ = {
			isa = PBXGroup;
			children = (
				0E5242B027E983C200F9B07F /* section11_debug_testTests.swift */,
			);
			path = "section11-debug-testTests";
			sourceTree = "<group>";
		};
		0E5242BC27E983F400F9B07F /* section11-debug-testUITests */ = {
			isa = PBXGroup;
			children = (
				0E5242BD27E983F400F9B07F /* section11_debug_testUITests.swift */,
				0E5242BF27E983F400F9B07F /* section11_debug_testUITestsLaunchTests.swift */,
			);
			path = "section11-debug-testUITests";
			sourceTree = "<group>";
		};
/* End PBXGroup section */

/* Begin PBXNativeTarget section */
		0E52429227E9809800F9B07F /* section11-debug-test */ = {
			isa = PBXNativeTarget;
			buildConfigurationList = 0E5242A727E9809900F9B07F /* Build configuration list for PBXNativeTarget "section11-debug-test" */;
			buildPhases = (
				0E52428F27E9809800F9B07F /* Sources */,
				0E52429027E9809800F9B07F /* Frameworks */,
				0E52429127E9809800F9B07F /* Resources */,
			);
			buildRules = (
			);
			dependencies = (
			);
			name = "section11-debug-test";
			productName = "section11-debug-test";
			productReference = 0E52429327E9809800F9B07F /* section11-debug-test.app */;
			productType = "com.apple.product-type.application";
		};
		0E5242AD27E983C200F9B07F /* section11-debug-testTests */ = {
			isa = PBXNativeTarget;
			buildConfigurationList = 0E5242B427E983C200F9B07F /* Build configuration list for PBXNativeTarget "section11-debug-testTests" */;
			buildPhases = (
				0E5242AA27E983C200F9B07F /* Sources */,
				0E5242AB27E983C200F9B07F /* Frameworks */,
				0E5242AC27E983C200F9B07F /* Resources */,
			);
			buildRules = (
			);
			dependencies = (
				0E5242B327E983C200F9B07F /* PBXTargetDependency */,
			);
			name = "section11-debug-testTests";
			productName = "section11-debug-testTests";
			productReference = 0E5242AE27E983C200F9B07F /* section11-debug-testTests.xctest */;
			productType = "com.apple.product-type.bundle.unit-test";
		};
		0E5242BA27E983F400F9B07F /* section11-debug-testUITests */ = {
			isa = PBXNativeTarget;
			buildConfigurationList = 0E5242C327E983F400F9B07F /* Build configuration list for PBXNativeTarget "section11-debug-testUITests" */;
			buildPhases = (
				0E5242B727E983F400F9B07F /* Sources */,
				0E5242B827E983F400F9B07F /* Frameworks */,
				0E5242B927E983F400F9B07F /* Resources */,
			);
			buildRules = (
			);
			dependencies = (
				0E5242C227E983F400F9B07F /* PBXTargetDependency */,
			);
			name = "section11-debug-testUITests";
			productName = "section11-debug-testUITests";
			productReference = 0E5242BB27E983F400F9B07F /* section11-debug-testUITests.xctest */;
			productType = "com.apple.product-type.bundle.ui-testing";
		};
/* End PBXNativeTarget section */

/* Begin PBXProject section */
		0E52428B27E9809800F9B07F /* Project object */ = {
			isa = PBXProject;
			attributes = {
				BuildIndependentTargetsInParallel = 1;
				LastSwiftUpdateCheck = 1330;
				LastUpgradeCheck = 1330;
				TargetAttributes = {
					0E52429227E9809800F9B07F = {
						CreatedOnToolsVersion = 13.3;
					};
					0E5242AD27E983C200F9B07F = {
						CreatedOnToolsVersion = 13.3;
						TestTargetID = 0E52429227E9809800F9B07F;
					};
					0E5242BA27E983F400F9B07F = {
						CreatedOnToolsVersion = 13.3;
						TestTargetID = 0E52429227E9809800F9B07F;
					};
				};
			};
			buildConfigurationList = 0E52428E27E9809800F9B07F /* Build configuration list for PBXProject "section11-debug-test" */;
			compatibilityVersion = "Xcode 13.0";
			developmentRegion = en;
			hasScannedForEncodings = 0;
			knownRegions = (
				en,
				Base,
			);
			mainGroup = 0E52428A27E9809800F9B07F;
			productRefGroup = 0E52429427E9809800F9B07F /* Products */;
			projectDirPath = "";
			projectRoot = "";
			targets = (
				0E52429227E9809800F9B07F /* section11-debug-test */,
				0E5242AD27E983C200F9B07F /* section11-debug-testTests */,
				0E5242BA27E983F400F9B07F /* section11-debug-testUITests */,
			);
		};
/* End PBXProject section */

/* Begin PBXResourcesBuildPhase section */
		0E52429127E9809800F9B07F /* Resources */ = {
			isa = PBXResourcesBuildPhase;
			buildActionMask = 2147483647;
			files = (
				0E5242A327E9809900F9B07F /* LaunchScreen.storyboard in Resources */,
				0E5242A027E9809900F9B07F /* Assets.xcassets in Resources */,
				0E52429E27E9809800F9B07F /* Main.storyboard in Resources */,
			);
			runOnlyForDeploymentPostprocessing = 0;
		};
		0E5242AC27E983C200F9B07F /* Resources */ = {
			isa = PBXResourcesBuildPhase;
			buildActionMask = 2147483647;
			files = (
			);
			runOnlyForDeploymentPostprocessing = 0;
		};
		0E5242B927E983F400F9B07F /* Resources */ = {
			isa = PBXResourcesBuildPhase;
			buildActionMask = 2147483647;
			files = (
			);
			runOnlyForDeploymentPostprocessing = 0;
		};
/* End PBXResourcesBuildPhase section */

/* Begin PBXSourcesBuildPhase section */
		0E52428F27E9809800F9B07F /* Sources */ = {
			isa = PBXSourcesBuildPhase;
			buildActionMask = 2147483647;
			files = (
				0E52429B27E9809800F9B07F /* ViewController.swift in Sources */,
				0E52429727E9809800F9B07F /* AppDelegate.swift in Sources */,
				0E52429927E9809800F9B07F /* SceneDelegate.swift in Sources */,
			);
			runOnlyForDeploymentPostprocessing = 0;
		};
		0E5242AA27E983C200F9B07F /* Sources */ = {
			isa = PBXSourcesBuildPhase;
			buildActionMask = 2147483647;
			files = (
				0E5242B127E983C200F9B07F /* section11_debug_testTests.swift in Sources */,
			);
			runOnlyForDeploymentPostprocessing = 0;
		};
		0E5242B727E983F400F9B07F /* Sources */ = {
			isa = PBXSourcesBuildPhase;
			buildActionMask = 2147483647;
			files = (
				0E5242C027E983F400F9B07F /* section11_debug_testUITestsLaunchTests.swift in Sources */,
				0E5242BE27E983F400F9B07F /* section11_debug_testUITests.swift in Sources */,
			);
			runOnlyForDeploymentPostprocessing = 0;
		};
/* End PBXSourcesBuildPhase section */

/* Begin PBXTargetDependency section */
		0E5242B327E983C200F9B07F /* PBXTargetDependency */ = {
			isa = PBXTargetDependency;
			target = 0E52429227E9809800F9B07F /* section11-debug-test */;
			targetProxy = 0E5242B227E983C200F9B07F /* PBXContainerItemProxy */;
		};
		0E5242C227E983F400F9B07F /* PBXTargetDependency */ = {
			isa = PBXTargetDependency;
			target = 0E52429227E9809800F9B07F /* section11-debug-test */;
			targetProxy = 0E5242C127E983F400F9B07F /* PBXContainerItemProxy */;
		};
/* End PBXTargetDependency section */

/* Begin PBXVariantGroup section */
		0E52429C27E9809800F9B07F /* Main.storyboard */ = {
			isa = PBXVariantGroup;
			children = (
				0E52429D27E9809800F9B07F /* Base */,
			);
			name = Main.storyboard;
			sourceTree = "<group>";
		};
		0E5242A127E9809900F9B07F /* LaunchScreen.storyboard */ = {
			isa = PBXVariantGroup;
			children = (
				0E5242A227E9809900F9B07F /* Base */,
			);
			name = LaunchScreen.storyboard;
			sourceTree = "<group>";
		};
/* End PBXVariantGroup section */

/* Begin XCBuildConfiguration section */
		0E5242A527E9809900F9B07F /* Debug */ = {
			isa = XCBuildConfiguration;
			buildSettings = {
				ALWAYS_SEARCH_USER_PATHS = NO;
				CLANG_ANALYZER_NONNULL = YES;
				CLANG_ANALYZER_NUMBER_OBJECT_CONVERSION = YES_AGGRESSIVE;
				CLANG_CXX_LANGUAGE_STANDARD = "gnu++17";
				CLANG_ENABLE_MODULES = YES;
				CLANG_ENABLE_OBJC_ARC = YES;
				CLANG_ENABLE_OBJC_WEAK = YES;
				CLANG_WARN_BLOCK_CAPTURE_AUTORELEASING = YES;
				CLANG_WARN_BOOL_CONVERSION = YES;
				CLANG_WARN_COMMA = YES;
				CLANG_WARN_CONSTANT_CONVERSION = YES;
				CLANG_WARN_DEPRECATED_OBJC_IMPLEMENTATIONS = YES;
				CLANG_WARN_DIRECT_OBJC_ISA_USAGE = YES_ERROR;
				CLANG_WARN_DOCUMENTATION_COMMENTS = YES;
				CLANG_WARN_EMPTY_BODY = YES;
				CLANG_WARN_ENUM_CONVERSION = YES;
				CLANG_WARN_INFINITE_RECURSION = YES;
				CLANG_WARN_INT_CONVERSION = YES;
				CLANG_WARN_NON_LITERAL_NULL_CONVERSION = YES;
				CLANG_WARN_OBJC_IMPLICIT_RETAIN_SELF = YES;
				CLANG_WARN_OBJC_LITERAL_CONVERSION = YES;
				CLANG_WARN_OBJC_ROOT_CLASS = YES_ERROR;
				CLANG_WARN_QUOTED_INCLUDE_IN_FRAMEWORK_HEADER = YES;
				CLANG_WARN_RANGE_LOOP_ANALYSIS = YES;
				CLANG_WARN_STRICT_PROTOTYPES = YES;
				CLANG_WARN_SUSPICIOUS_MOVE = YES;
				CLANG_WARN_UNGUARDED_AVAILABILITY = YES_AGGRESSIVE;
				CLANG_WARN_UNREACHABLE_CODE = YES;
				CLANG_WARN__DUPLICATE_METHOD_MATCH = YES;
				COPY_PHASE_STRIP = NO;
				DEBUG_INFORMATION_FORMAT = dwarf;
				ENABLE_STRICT_OBJC_MSGSEND = YES;
				ENABLE_TESTABILITY = YES;
				GCC_C_LANGUAGE_STANDARD = gnu11;
				GCC_DYNAMIC_NO_PIC = NO;
				GCC_NO_COMMON_BLOCKS = YES;
				GCC_OPTIMIZATION_LEVEL = 0;
				GCC_PREPROCESSOR_DEFINITIONS = (
					"DEBUG=1",
					"$(inherited)",
				);
				GCC_WARN_64_TO_32_BIT_CONVERSION = YES;
				GCC_WARN_ABOUT_RETURN_TYPE = YES_ERROR;
				GCC_WARN_UNDECLARED_SELECTOR = YES;
				GCC_WARN_UNINITIALIZED_AUTOS = YES_AGGRESSIVE;
				GCC_WARN_UNUSED_FUNCTION = YES;
				GCC_WARN_UNUSED_VARIABLE = YES;
				IPHONEOS_DEPLOYMENT_TARGET = 15.4;
				MTL_ENABLE_DEBUG_INFO = INCLUDE_SOURCE;
				MTL_FAST_MATH = YES;
				ONLY_ACTIVE_ARCH = YES;
				SDKROOT = iphoneos;
				SWIFT_ACTIVE_COMPILATION_CONDITIONS = DEBUG;
				SWIFT_OPTIMIZATION_LEVEL = "-Onone";
			};
			name = Debug;
		};
		0E5242A627E9809900F9B07F /* Release */ = {
			isa = XCBuildConfiguration;
			buildSettings = {
				ALWAYS_SEARCH_USER_PATHS = NO;
				CLANG_ANALYZER_NONNULL = YES;
				CLANG_ANALYZER_NUMBER_OBJECT_CONVERSION = YES_AGGRESSIVE;
				CLANG_CXX_LANGUAGE_STANDARD = "gnu++17";
				CLANG_ENABLE_MODULES = YES;
				CLANG_ENABLE_OBJC_ARC = YES;
				CLANG_ENABLE_OBJC_WEAK = YES;
				CLANG_WARN_BLOCK_CAPTURE_AUTORELEASING = YES;
				CLANG_WARN_BOOL_CONVERSION = YES;
				CLANG_WARN_COMMA = YES;
				CLANG_WARN_CONSTANT_CONVERSION = YES;
				CLANG_WARN_DEPRECATED_OBJC_IMPLEMENTATIONS = YES;
				CLANG_WARN_DIRECT_OBJC_ISA_USAGE = YES_ERROR;
				CLANG_WARN_DOCUMENTATION_COMMENTS = YES;
				CLANG_WARN_EMPTY_BODY = YES;
				CLANG_WARN_ENUM_CONVERSION = YES;
				CLANG_WARN_INFINITE_RECURSION = YES;
				CLANG_WARN_INT_CONVERSION = YES;
				CLANG_WARN_NON_LITERAL_NULL_CONVERSION = YES;
				CLANG_WARN_OBJC_IMPLICIT_RETAIN_SELF = YES;
				CLANG_WARN_OBJC_LITERAL_CONVERSION = YES;
				CLANG_WARN_OBJC_ROOT_CLASS = YES_ERROR;
				CLANG_WARN_QUOTED_INCLUDE_IN_FRAMEWORK_HEADER = YES;
				CLANG_WARN_RANGE_LOOP_ANALYSIS = YES;
				CLANG_WARN_STRICT_PROTOTYPES = YES;
				CLANG_WARN_SUSPICIOUS_MOVE = YES;
				CLANG_WARN_UNGUARDED_AVAILABILITY = YES_AGGRESSIVE;
				CLANG_WARN_UNREACHABLE_CODE = YES;
				CLANG_WARN__DUPLICATE_METHOD_MATCH = YES;
				COPY_PHASE_STRIP = NO;
				DEBUG_INFORMATION_FORMAT = "dwarf-with-dsym";
				ENABLE_NS_ASSERTIONS = NO;
				ENABLE_STRICT_OBJC_MSGSEND = YES;
				GCC_C_LANGUAGE_STANDARD = gnu11;
				GCC_NO_COMMON_BLOCKS = YES;
				GCC_WARN_64_TO_32_BIT_CONVERSION = YES;
				GCC_WARN_ABOUT_RETURN_TYPE = YES_ERROR;
				GCC_WARN_UNDECLARED_SELECTOR = YES;
				GCC_WARN_UNINITIALIZED_AUTOS = YES_AGGRESSIVE;
				GCC_WARN_UNUSED_FUNCTION = YES;
				GCC_WARN_UNUSED_VARIABLE = YES;
				IPHONEOS_DEPLOYMENT_TARGET = 15.4;
				MTL_ENABLE_DEBUG_INFO = NO;
				MTL_FAST_MATH = YES;
				SDKROOT = iphoneos;
				SWIFT_COMPILATION_MODE = wholemodule;
				SWIFT_OPTIMIZATION_LEVEL = "-O";
				VALIDATE_PRODUCT = YES;
			};
			name = Release;
		};
		0E5242A827E9809900F9B07F /* Debug */ = {
			isa = XCBuildConfiguration;
			buildSettings = {
				ASSETCATALOG_COMPILER_APPICON_NAME = AppIcon;
				ASSETCATALOG_COMPILER_GLOBAL_ACCENT_COLOR_NAME = AccentColor;
				CODE_SIGN_STYLE = Automatic;
				CURRENT_PROJECT_VERSION = 1;
				DEVELOPMENT_TEAM = 3JMPZ77S52;
				GENERATE_INFOPLIST_FILE = YES;
				INFOPLIST_FILE = "section11-debug-test/Info.plist";
				INFOPLIST_KEY_UIApplicationSupportsIndirectInputEvents = YES;
				INFOPLIST_KEY_UILaunchStoryboardName = LaunchScreen;
				INFOPLIST_KEY_UIMainStoryboardFile = Main;
				INFOPLIST_KEY_UISupportedInterfaceOrientations_iPad = "UIInterfaceOrientationPortrait UIInterfaceOrientationPortraitUpsideDown UIInterfaceOrientationLandscapeLeft UIInterfaceOrientationLandscapeRight";
				INFOPLIST_KEY_UISupportedInterfaceOrientations_iPhone = "UIInterfaceOrientationPortrait UIInterfaceOrientationLandscapeLeft UIInterfaceOrientationLandscapeRight";
				LD_RUNPATH_SEARCH_PATHS = (
					"$(inherited)",
					"@executable_path/Frameworks",
				);
				MARKETING_VERSION = 1.0;
				PRODUCT_BUNDLE_IDENTIFIER = "com.nsl.section11-debug-test";
				PRODUCT_NAME = "$(TARGET_NAME)";
				SWIFT_EMIT_LOC_STRINGS = YES;
				SWIFT_VERSION = 5.0;
				TARGETED_DEVICE_FAMILY = "1,2";
			};
			name = Debug;
		};
		0E5242A927E9809900F9B07F /* Release */ = {
			isa = XCBuildConfiguration;
			buildSettings = {
				ASSETCATALOG_COMPILER_APPICON_NAME = AppIcon;
				ASSETCATALOG_COMPILER_GLOBAL_ACCENT_COLOR_NAME = AccentColor;
				CODE_SIGN_STYLE = Automatic;
				CURRENT_PROJECT_VERSION = 1;
				DEVELOPMENT_TEAM = 3JMPZ77S52;
				GENERATE_INFOPLIST_FILE = YES;
				INFOPLIST_FILE = "section11-debug-test/Info.plist";
				INFOPLIST_KEY_UIApplicationSupportsIndirectInputEvents = YES;
				INFOPLIST_KEY_UILaunchStoryboardName = LaunchScreen;
				INFOPLIST_KEY_UIMainStoryboardFile = Main;
				INFOPLIST_KEY_UISupportedInterfaceOrientations_iPad = "UIInterfaceOrientationPortrait UIInterfaceOrientationPortraitUpsideDown UIInterfaceOrientationLandscapeLeft UIInterfaceOrientationLandscapeRight";
				INFOPLIST_KEY_UISupportedInterfaceOrientations_iPhone = "UIInterfaceOrientationPortrait UIInterfaceOrientationLandscapeLeft UIInterfaceOrientationLandscapeRight";
				LD_RUNPATH_SEARCH_PATHS = (
					"$(inherited)",
					"@executable_path/Frameworks",
				);
				MARKETING_VERSION = 1.0;
				PRODUCT_BUNDLE_IDENTIFIER = "com.nsl.section11-debug-test";
				PRODUCT_NAME = "$(TARGET_NAME)";
				SWIFT_EMIT_LOC_STRINGS = YES;
				SWIFT_VERSION = 5.0;
				TARGETED_DEVICE_FAMILY = "1,2";
			};
			name = Release;
		};
		0E5242B527E983C200F9B07F /* Debug */ = {
			isa = XCBuildConfiguration;
			buildSettings = {
				BUNDLE_LOADER = "$(TEST_HOST)";
				CODE_SIGN_STYLE = Automatic;
				CURRENT_PROJECT_VERSION = 1;
				DEVELOPMENT_TEAM = 3JMPZ77S52;
				GENERATE_INFOPLIST_FILE = YES;
				MARKETING_VERSION = 1.0;
				PRODUCT_BUNDLE_IDENTIFIER = "com.nsl.section11-debug-testTests";
				PRODUCT_NAME = "$(TARGET_NAME)";
				SWIFT_EMIT_LOC_STRINGS = NO;
				SWIFT_VERSION = 5.0;
				TARGETED_DEVICE_FAMILY = "1,2";
				TEST_HOST = "$(BUILT_PRODUCTS_DIR)/section11-debug-test.app/section11-debug-test";
			};
			name = Debug;
		};
		0E5242B627E983C200F9B07F /* Release */ = {
			isa = XCBuildConfiguration;
			buildSettings = {
				BUNDLE_LOADER = "$(TEST_HOST)";
				CODE_SIGN_STYLE = Automatic;
				CURRENT_PROJECT_VERSION = 1;
				DEVELOPMENT_TEAM = 3JMPZ77S52;
				GENERATE_INFOPLIST_FILE = YES;
				MARKETING_VERSION = 1.0;
				PRODUCT_BUNDLE_IDENTIFIER = "com.nsl.section11-debug-testTests";
				PRODUCT_NAME = "$(TARGET_NAME)";
				SWIFT_EMIT_LOC_STRINGS = NO;
				SWIFT_VERSION = 5.0;
				TARGETED_DEVICE_FAMILY = "1,2";
				TEST_HOST = "$(BUILT_PRODUCTS_DIR)/section11-debug-test.app/section11-debug-test";
			};
			name = Release;
		};
		0E5242C427E983F400F9B07F /* Debug */ = {
			isa = XCBuildConfiguration;
			buildSettings = {
				CODE_SIGN_STYLE = Automatic;
				CURRENT_PROJECT_VERSION = 1;
				DEVELOPMENT_TEAM = 3JMPZ77S52;
				GENERATE_INFOPLIST_FILE = YES;
				MARKETING_VERSION = 1.0;
				PRODUCT_BUNDLE_IDENTIFIER = "com.nsl.section11-debug-testUITests";
				PRODUCT_NAME = "$(TARGET_NAME)";
				SWIFT_EMIT_LOC_STRINGS = NO;
				SWIFT_VERSION = 5.0;
				TARGETED_DEVICE_FAMILY = "1,2";
				TEST_TARGET_NAME = "section11-debug-test";
			};
			name = Debug;
		};
		0E5242C527E983F400F9B07F /* Release */ = {
			isa = XCBuildConfiguration;
			buildSettings = {
				CODE_SIGN_STYLE = Automatic;
				CURRENT_PROJECT_VERSION = 1;
				DEVELOPMENT_TEAM = 3JMPZ77S52;
				GENERATE_INFOPLIST_FILE = YES;
				MARKETING_VERSION = 1.0;
				PRODUCT_BUNDLE_IDENTIFIER = "com.nsl.section11-debug-testUITests";
				PRODUCT_NAME = "$(TARGET_NAME)";
				SWIFT_EMIT_LOC_STRINGS = NO;
				SWIFT_VERSION = 5.0;
				TARGETED_DEVICE_FAMILY = "1,2";
				TEST_TARGET_NAME = "section11-debug-test";
			};
			name = Release;
		};
/* End XCBuildConfiguration section */

/* Begin XCConfigurationList section */
		0E52428E27E9809800F9B07F /* Build configuration list for PBXProject "section11-debug-test" */ = {
			isa = XCConfigurationList;
			buildConfigurations = (
				0E5242A527E9809900F9B07F /* Debug */,
				0E5242A627E9809900F9B07F /* Release */,
			);
			defaultConfigurationIsVisible = 0;
			defaultConfigurationName = Release;
		};
		0E5242A727E9809900F9B07F /* Build configuration list for PBXNativeTarget "section11-debug-test" */ = {
			isa = XCConfigurationList;
			buildConfigurations = (
				0E5242A827E9809900F9B07F /* Debug */,
				0E5242A927E9809900F9B07F /* Release */,
			);
			defaultConfigurationIsVisible = 0;
			defaultConfigurationName = Release;
		};
		0E5242B427E983C200F9B07F /* Build configuration list for PBXNativeTarget "section11-debug-testTests" */ = {
			isa = XCConfigurationList;
			buildConfigurations = (
				0E5242B527E983C200F9B07F /* Debug */,
				0E5242B627E983C200F9B07F /* Release */,
			);
			defaultConfigurationIsVisible = 0;
			defaultConfigurationName = Release;
		};
		0E5242C327E983F400F9B07F /* Build configuration list for PBXNativeTarget "section11-debug-testUITests" */ = {
			isa = XCConfigurationList;
			buildConfigurations = (
				0E5242C427E983F400F9B07F /* Debug */,
				0E5242C527E983F400F9B07F /* Release */,
			);
			defaultConfigurationIsVisible = 0;
			defaultConfigurationName = Release;
		};
/* End XCConfigurationList section */
	};
	rootObject = 0E52428B27E9809800F9B07F /* Project object */;
}
